// !$*UTF8*$!
{
	archiveVersion = 1;
	classes = {
	};
	objectVersion = 55;
	objects = {

/* Begin PBXBuildFile section */
		A3AECC872826C98200E6541E /* DDSwiftHook.swift in Sources */ = {isa = PBXBuildFile; fileRef = A3AECC862826C98200E6541E /* DDSwiftHook.swift */; };
		A3AECC892826CAB500E6541E /* DDTestDemo.swift in Sources */ = {isa = PBXBuildFile; fileRef = A3AECC882826CAB500E6541E /* DDTestDemo.swift */; };
		A3AECC8B2826CAE600E6541E /* DDTestDemoHook.swift in Sources */ = {isa = PBXBuildFile; fileRef = A3AECC8A2826CAE600E6541E /* DDTestDemoHook.swift */; };
		A3BED361282A39C9009682FD /* DDDemo.swift in Sources */ = {isa = PBXBuildFile; fileRef = A3BED360282A39C9009682FD /* DDDemo.swift */; };
		A3BED363282A39E8009682FD /* DDSwiftClass.swift in Sources */ = {isa = PBXBuildFile; fileRef = A3BED362282A39E8009682FD /* DDSwiftClass.swift */; };
		A3BED365282A39F8009682FD /* DDObjcClass.swift in Sources */ = {isa = PBXBuildFile; fileRef = A3BED364282A39F8009682FD /* DDObjcClass.swift */; };
		A3BED367282A3A08009682FD /* DDSwiftProtocol.swift in Sources */ = {isa = PBXBuildFile; fileRef = A3BED366282A3A08009682FD /* DDSwiftProtocol.swift */; };
		A3BED369282A464F009682FD /* DDSwiftGenericClass.swift in Sources */ = {isa = PBXBuildFile; fileRef = A3BED368282A464F009682FD /* DDSwiftGenericClass.swift */; };
		A3FA69CF27D8E6BB007D51CC /* AppDelegate.swift in Sources */ = {isa = PBXBuildFile; fileRef = A3FA69CE27D8E6BB007D51CC /* AppDelegate.swift */; };
		A3FA69D127D8E6BB007D51CC /* SceneDelegate.swift in Sources */ = {isa = PBXBuildFile; fileRef = A3FA69D027D8E6BB007D51CC /* SceneDelegate.swift */; };
		A3FA69D327D8E6BB007D51CC /* ViewController.swift in Sources */ = {isa = PBXBuildFile; fileRef = A3FA69D227D8E6BB007D51CC /* ViewController.swift */; };
		A3FA69D627D8E6BB007D51CC /* Main.storyboard in Resources */ = {isa = PBXBuildFile; fileRef = A3FA69D427D8E6BB007D51CC /* Main.storyboard */; };
		A3FA69D827D8E6BD007D51CC /* Assets.xcassets in Resources */ = {isa = PBXBuildFile; fileRef = A3FA69D727D8E6BD007D51CC /* Assets.xcassets */; };
		A3FA69DB27D8E6BD007D51CC /* LaunchScreen.storyboard in Resources */ = {isa = PBXBuildFile; fileRef = A3FA69D927D8E6BD007D51CC /* LaunchScreen.storyboard */; };
		FCF4F5826AEADE62C2224F3D /* libPods-DDSwiftHookDemo.a in Frameworks */ = {isa = PBXBuildFile; fileRef = 719CA210EE87C2BDA2684506 /* libPods-DDSwiftHookDemo.a */; };
/* End PBXBuildFile section */

/* Begin PBXFileReference section */
		32D45199D82A400A87A816C2 /* Pods-DDSwiftHookDemo.release.xcconfig */ = {isa = PBXFileReference; includeInIndex = 1; lastKnownFileType = text.xcconfig; name = "Pods-DDSwiftHookDemo.release.xcconfig"; path = "Target Support Files/Pods-DDSwiftHookDemo/Pods-DDSwiftHookDemo.release.xcconfig"; sourceTree = "<group>"; };
		719CA210EE87C2BDA2684506 /* libPods-DDSwiftHookDemo.a */ = {isa = PBXFileReference; explicitFileType = archive.ar; includeInIndex = 0; path = "libPods-DDSwiftHookDemo.a"; sourceTree = BUILT_PRODUCTS_DIR; };
		A237A5887B1D6C865BE3F6B5 /* Pods-DDSwiftHookDemo.debug.xcconfig */ = {isa = PBXFileReference; includeInIndex = 1; lastKnownFileType = text.xcconfig; name = "Pods-DDSwiftHookDemo.debug.xcconfig"; path = "Target Support Files/Pods-DDSwiftHookDemo/Pods-DDSwiftHookDemo.debug.xcconfig"; sourceTree = "<group>"; };
		A3AECC862826C98200E6541E /* DDSwiftHook.swift */ = {isa = PBXFileReference; lastKnownFileType = sourcecode.swift; path = DDSwiftHook.swift; sourceTree = "<group>"; };
		A3AECC882826CAB500E6541E /* DDTestDemo.swift */ = {isa = PBXFileReference; lastKnownFileType = sourcecode.swift; path = DDTestDemo.swift; sourceTree = "<group>"; };
		A3AECC8A2826CAE600E6541E /* DDTestDemoHook.swift */ = {isa = PBXFileReference; lastKnownFileType = sourcecode.swift; path = DDTestDemoHook.swift; sourceTree = "<group>"; };
		A3BED360282A39C9009682FD /* DDDemo.swift */ = {isa = PBXFileReference; lastKnownFileType = sourcecode.swift; path = DDDemo.swift; sourceTree = "<group>"; };
		A3BED362282A39E8009682FD /* DDSwiftClass.swift */ = {isa = PBXFileReference; lastKnownFileType = sourcecode.swift; path = DDSwiftClass.swift; sourceTree = "<group>"; };
		A3BED364282A39F8009682FD /* DDObjcClass.swift */ = {isa = PBXFileReference; lastKnownFileType = sourcecode.swift; path = DDObjcClass.swift; sourceTree = "<group>"; };
		A3BED366282A3A08009682FD /* DDSwiftProtocol.swift */ = {isa = PBXFileReference; lastKnownFileType = sourcecode.swift; path = DDSwiftProtocol.swift; sourceTree = "<group>"; };
		A3BED368282A464F009682FD /* DDSwiftGenericClass.swift */ = {isa = PBXFileReference; lastKnownFileType = sourcecode.swift; path = DDSwiftGenericClass.swift; sourceTree = "<group>"; };
		A3FA69CB27D8E6BB007D51CC /* DDSwiftHookDemo.app */ = {isa = PBXFileReference; explicitFileType = wrapper.application; includeInIndex = 0; path = DDSwiftHookDemo.app; sourceTree = BUILT_PRODUCTS_DIR; };
		A3FA69CE27D8E6BB007D51CC /* AppDelegate.swift */ = {isa = PBXFileReference; lastKnownFileType = sourcecode.swift; path = AppDelegate.swift; sourceTree = "<group>"; };
		A3FA69D027D8E6BB007D51CC /* SceneDelegate.swift */ = {isa = PBXFileReference; lastKnownFileType = sourcecode.swift; path = SceneDelegate.swift; sourceTree = "<group>"; };
		A3FA69D227D8E6BB007D51CC /* ViewController.swift */ = {isa = PBXFileReference; lastKnownFileType = sourcecode.swift; path = ViewController.swift; sourceTree = "<group>"; };
		A3FA69D527D8E6BB007D51CC /* Base */ = {isa = PBXFileReference; lastKnownFileType = file.storyboard; name = Base; path = Base.lproj/Main.storyboard; sourceTree = "<group>"; };
		A3FA69D727D8E6BD007D51CC /* Assets.xcassets */ = {isa = PBXFileReference; lastKnownFileType = folder.assetcatalog; path = Assets.xcassets; sourceTree = "<group>"; };
		A3FA69DA27D8E6BD007D51CC /* Base */ = {isa = PBXFileReference; lastKnownFileType = file.storyboard; name = Base; path = Base.lproj/LaunchScreen.storyboard; sourceTree = "<group>"; };
		A3FA69DC27D8E6BD007D51CC /* Info.plist */ = {isa = PBXFileReference; lastKnownFileType = text.plist.xml; path = Info.plist; sourceTree = "<group>"; };
/* End PBXFileReference section */

/* Begin PBXFrameworksBuildPhase section */
		A3FA69C827D8E6BB007D51CC /* Frameworks */ = {
			isa = PBXFrameworksBuildPhase;
			buildActionMask = 2147483647;
			files = (
				FCF4F5826AEADE62C2224F3D /* libPods-DDSwiftHookDemo.a in Frameworks */,
			);
			runOnlyForDeploymentPostprocessing = 0;
		};
/* End PBXFrameworksBuildPhase section */

/* Begin PBXGroup section */
		A3AECC852826C95600E6541E /* Framework */ = {
			isa = PBXGroup;
			children = (
				A3AECC862826C98200E6541E /* DDSwiftHook.swift */,
			);
			name = Framework;
			path = ../../Framework;
			sourceTree = "<group>";
		};
		A3BED35F282A3999009682FD /* Demo */ = {
			isa = PBXGroup;
			children = (
				A3BED360282A39C9009682FD /* DDDemo.swift */,
				A3BED362282A39E8009682FD /* DDSwiftClass.swift */,
				A3BED368282A464F009682FD /* DDSwiftGenericClass.swift */,
				A3BED364282A39F8009682FD /* DDObjcClass.swift */,
				A3BED366282A3A08009682FD /* DDSwiftProtocol.swift */,
			);
			path = Demo;
			sourceTree = "<group>";
		};
		A3FA69C227D8E6BB007D51CC = {
			isa = PBXGroup;
			children = (
				A3FA69CD27D8E6BB007D51CC /* DDSwiftHookDemo */,
				A3FA69CC27D8E6BB007D51CC /* Products */,
				B24AA6BB55EA71641FB67326 /* Pods */,
				D98ABE71C0BC1D74C860D62B /* Frameworks */,
			);
			sourceTree = "<group>";
		};
		A3FA69CC27D8E6BB007D51CC /* Products */ = {
			isa = PBXGroup;
			children = (
				A3FA69CB27D8E6BB007D51CC /* DDSwiftHookDemo.app */,
			);
			name = Products;
			sourceTree = "<group>";
		};
		A3FA69CD27D8E6BB007D51CC /* DDSwiftHookDemo */ = {
			isa = PBXGroup;
			children = (
				A3AECC852826C95600E6541E /* Framework */,
				A3BED35F282A3999009682FD /* Demo */,
				A3AECC882826CAB500E6541E /* DDTestDemo.swift */,
				A3AECC8A2826CAE600E6541E /* DDTestDemoHook.swift */,
				A3FA69CE27D8E6BB007D51CC /* AppDelegate.swift */,
				A3FA69D027D8E6BB007D51CC /* SceneDelegate.swift */,
				A3FA69D227D8E6BB007D51CC /* ViewController.swift */,
				A3FA69D427D8E6BB007D51CC /* Main.storyboard */,
				A3FA69D727D8E6BD007D51CC /* Assets.xcassets */,
				A3FA69D927D8E6BD007D51CC /* LaunchScreen.storyboard */,
				A3FA69DC27D8E6BD007D51CC /* Info.plist */,
			);
			path = DDSwiftHookDemo;
			sourceTree = "<group>";
		};
		B24AA6BB55EA71641FB67326 /* Pods */ = {
			isa = PBXGroup;
			children = (
				A237A5887B1D6C865BE3F6B5 /* Pods-DDSwiftHookDemo.debug.xcconfig */,
				32D45199D82A400A87A816C2 /* Pods-DDSwiftHookDemo.release.xcconfig */,
			);
			path = Pods;
			sourceTree = "<group>";
		};
		D98ABE71C0BC1D74C860D62B /* Frameworks */ = {
			isa = PBXGroup;
			children = (
				719CA210EE87C2BDA2684506 /* libPods-DDSwiftHookDemo.a */,
			);
			name = Frameworks;
			sourceTree = "<group>";
		};
/* End PBXGroup section */

/* Begin PBXNativeTarget section */
		A3FA69CA27D8E6BB007D51CC /* DDSwiftHookDemo */ = {
			isa = PBXNativeTarget;
			buildConfigurationList = A3FA69DF27D8E6BD007D51CC /* Build configuration list for PBXNativeTarget "DDSwiftHookDemo" */;
			buildPhases = (
				62B290BD9E0E9814F8F69C00 /* [CP] Check Pods Manifest.lock */,
				A3FA69C727D8E6BB007D51CC /* Sources */,
				A3FA69C827D8E6BB007D51CC /* Frameworks */,
				A3FA69C927D8E6BB007D51CC /* Resources */,
			);
			buildRules = (
			);
			dependencies = (
			);
			name = DDSwiftHookDemo;
			productName = DDSwiftHookDemo;
			productReference = A3FA69CB27D8E6BB007D51CC /* DDSwiftHookDemo.app */;
			productType = "com.apple.product-type.application";
		};
/* End PBXNativeTarget section */

/* Begin PBXProject section */
		A3FA69C327D8E6BB007D51CC /* Project object */ = {
			isa = PBXProject;
			attributes = {
				BuildIndependentTargetsInParallel = 1;
				LastSwiftUpdateCheck = 1320;
				LastUpgradeCheck = 1320;
				TargetAttributes = {
					A3FA69CA27D8E6BB007D51CC = {
						CreatedOnToolsVersion = 13.2.1;
					};
				};
			};
			buildConfigurationList = A3FA69C627D8E6BB007D51CC /* Build configuration list for PBXProject "DDSwiftHookDemo" */;
			compatibilityVersion = "Xcode 13.0";
			developmentRegion = en;
			hasScannedForEncodings = 0;
			knownRegions = (
				en,
				Base,
			);
			mainGroup = A3FA69C227D8E6BB007D51CC;
			productRefGroup = A3FA69CC27D8E6BB007D51CC /* Products */;
			projectDirPath = "";
			projectRoot = "";
			targets = (
				A3FA69CA27D8E6BB007D51CC /* DDSwiftHookDemo */,
			);
		};
/* End PBXProject section */

/* Begin PBXResourcesBuildPhase section */
		A3FA69C927D8E6BB007D51CC /* Resources */ = {
			isa = PBXResourcesBuildPhase;
			buildActionMask = 2147483647;
			files = (
				A3FA69DB27D8E6BD007D51CC /* LaunchScreen.storyboard in Resources */,
				A3FA69D827D8E6BD007D51CC /* Assets.xcassets in Resources */,
				A3FA69D627D8E6BB007D51CC /* Main.storyboard in Resources */,
			);
			runOnlyForDeploymentPostprocessing = 0;
		};
/* End PBXResourcesBuildPhase section */

/* Begin PBXShellScriptBuildPhase section */
		62B290BD9E0E9814F8F69C00 /* [CP] Check Pods Manifest.lock */ = {
			isa = PBXShellScriptBuildPhase;
			buildActionMask = 2147483647;
			files = (
			);
			inputFileListPaths = (
			);
			inputPaths = (
				"${PODS_PODFILE_DIR_PATH}/Podfile.lock",
				"${PODS_ROOT}/Manifest.lock",
			);
			name = "[CP] Check Pods Manifest.lock";
			outputFileListPaths = (
			);
			outputPaths = (
				"$(DERIVED_FILE_DIR)/Pods-DDSwiftHookDemo-checkManifestLockResult.txt",
			);
			runOnlyForDeploymentPostprocessing = 0;
			shellPath = /bin/sh;
			shellScript = "diff \"${PODS_PODFILE_DIR_PATH}/Podfile.lock\" \"${PODS_ROOT}/Manifest.lock\" > /dev/null\nif [ $? != 0 ] ; then\n    # print error to STDERR\n    echo \"error: The sandbox is not in sync with the Podfile.lock. Run 'pod install' or update your CocoaPods installation.\" >&2\n    exit 1\nfi\n# This output is used by Xcode 'outputs' to avoid re-running this script phase.\necho \"SUCCESS\" > \"${SCRIPT_OUTPUT_FILE_0}\"\n";
			showEnvVarsInLog = 0;
		};
/* End PBXShellScriptBuildPhase section */

/* Begin PBXSourcesBuildPhase section */
		A3FA69C727D8E6BB007D51CC /* Sources */ = {
			isa = PBXSourcesBuildPhase;
			buildActionMask = 2147483647;
			files = (
				A3BED363282A39E8009682FD /* DDSwiftClass.swift in Sources */,
				A3BED367282A3A08009682FD /* DDSwiftProtocol.swift in Sources */,
				A3BED365282A39F8009682FD /* DDObjcClass.swift in Sources */,
				A3FA69D327D8E6BB007D51CC /* ViewController.swift in Sources */,
				A3BED369282A464F009682FD /* DDSwiftGenericClass.swift in Sources */,
				A3AECC8B2826CAE600E6541E /* DDTestDemoHook.swift in Sources */,
				A3FA69CF27D8E6BB007D51CC /* AppDelegate.swift in Sources */,
				A3BED361282A39C9009682FD /* DDDemo.swift in Sources */,
				A3AECC892826CAB500E6541E /* DDTestDemo.swift in Sources */,
				A3AECC872826C98200E6541E /* DDSwiftHook.swift in Sources */,
				A3FA69D127D8E6BB007D51CC /* SceneDelegate.swift in Sources */,
			);
			runOnlyForDeploymentPostprocessing = 0;
		};
/* End PBXSourcesBuildPhase section */

/* Begin PBXVariantGroup section */
		A3FA69D427D8E6BB007D51CC /* Main.storyboard */ = {
			isa = PBXVariantGroup;
			children = (
				A3FA69D527D8E6BB007D51CC /* Base */,
			);
			name = Main.storyboard;
			sourceTree = "<group>";
		};
		A3FA69D927D8E6BD007D51CC /* LaunchScreen.storyboard */ = {
			isa = PBXVariantGroup;
			children = (
				A3FA69DA27D8E6BD007D51CC /* Base */,
			);
			name = LaunchScreen.storyboard;
			sourceTree = "<group>";
		};
/* End PBXVariantGroup section */

/* Begin XCBuildConfiguration section */
		A3FA69DD27D8E6BD007D51CC /* Debug */ = {
			isa = XCBuildConfiguration;
			buildSettings = {
				ALWAYS_SEARCH_USER_PATHS = NO;
				CLANG_ANALYZER_NONNULL = YES;
				CLANG_ANALYZER_NUMBER_OBJECT_CONVERSION = YES_AGGRESSIVE;
				CLANG_CXX_LANGUAGE_STANDARD = "gnu++17";
				CLANG_CXX_LIBRARY = "libc++";
				CLANG_ENABLE_MODULES = YES;
				CLANG_ENABLE_OBJC_ARC = YES;
				CLANG_ENABLE_OBJC_WEAK = YES;
				CLANG_WARN_BLOCK_CAPTURE_AUTORELEASING = YES;
				CLANG_WARN_BOOL_CONVERSION = YES;
				CLANG_WARN_COMMA = YES;
				CLANG_WARN_CONSTANT_CONVERSION = YES;
				CLANG_WARN_DEPRECATED_OBJC_IMPLEMENTATIONS = YES;
				CLANG_WARN_DIRECT_OBJC_ISA_USAGE = YES_ERROR;
				CLANG_WARN_DOCUMENTATION_COMMENTS = YES;
				CLANG_WARN_EMPTY_BODY = YES;
				CLANG_WARN_ENUM_CONVERSION = YES;
				CLANG_WARN_INFINITE_RECURSION = YES;
				CLANG_WARN_INT_CONVERSION = YES;
				CLANG_WARN_NON_LITERAL_NULL_CONVERSION = YES;
				CLANG_WARN_OBJC_IMPLICIT_RETAIN_SELF = YES;
				CLANG_WARN_OBJC_LITERAL_CONVERSION = YES;
				CLANG_WARN_OBJC_ROOT_CLASS = YES_ERROR;
				CLANG_WARN_QUOTED_INCLUDE_IN_FRAMEWORK_HEADER = YES;
				CLANG_WARN_RANGE_LOOP_ANALYSIS = YES;
				CLANG_WARN_STRICT_PROTOTYPES = YES;
				CLANG_WARN_SUSPICIOUS_MOVE = YES;
				CLANG_WARN_UNGUARDED_AVAILABILITY = YES_AGGRESSIVE;
				CLANG_WARN_UNREACHABLE_CODE = YES;
				CLANG_WARN__DUPLICATE_METHOD_MATCH = YES;
				COPY_PHASE_STRIP = NO;
				DEBUG_INFORMATION_FORMAT = dwarf;
				ENABLE_STRICT_OBJC_MSGSEND = YES;
				ENABLE_TESTABILITY = YES;
				GCC_C_LANGUAGE_STANDARD = gnu11;
				GCC_DYNAMIC_NO_PIC = NO;
				GCC_NO_COMMON_BLOCKS = YES;
				GCC_OPTIMIZATION_LEVEL = 0;
				GCC_PREPROCESSOR_DEFINITIONS = (
					"DEBUG=1",
					"$(inherited)",
				);
				GCC_WARN_64_TO_32_BIT_CONVERSION = YES;
				GCC_WARN_ABOUT_RETURN_TYPE = YES_ERROR;
				GCC_WARN_UNDECLARED_SELECTOR = YES;
				GCC_WARN_UNINITIALIZED_AUTOS = YES_AGGRESSIVE;
				GCC_WARN_UNUSED_FUNCTION = YES;
				GCC_WARN_UNUSED_VARIABLE = YES;
				IPHONEOS_DEPLOYMENT_TARGET = 15.2;
				MTL_ENABLE_DEBUG_INFO = INCLUDE_SOURCE;
				MTL_FAST_MATH = YES;
				ONLY_ACTIVE_ARCH = YES;
				SDKROOT = iphoneos;
				SWIFT_ACTIVE_COMPILATION_CONDITIONS = DEBUG;
				SWIFT_OPTIMIZATION_LEVEL = "-Onone";
			};
			name = Debug;
		};
		A3FA69DE27D8E6BD007D51CC /* Release */ = {
			isa = XCBuildConfiguration;
			buildSettings = {
				ALWAYS_SEARCH_USER_PATHS = NO;
				CLANG_ANALYZER_NONNULL = YES;
				CLANG_ANALYZER_NUMBER_OBJECT_CONVERSION = YES_AGGRESSIVE;
				CLANG_CXX_LANGUAGE_STANDARD = "gnu++17";
				CLANG_CXX_LIBRARY = "libc++";
				CLANG_ENABLE_MODULES = YES;
				CLANG_ENABLE_OBJC_ARC = YES;
				CLANG_ENABLE_OBJC_WEAK = YES;
				CLANG_WARN_BLOCK_CAPTURE_AUTORELEASING = YES;
				CLANG_WARN_BOOL_CONVERSION = YES;
				CLANG_WARN_COMMA = YES;
				CLANG_WARN_CONSTANT_CONVERSION = YES;
				CLANG_WARN_DEPRECATED_OBJC_IMPLEMENTATIONS = YES;
				CLANG_WARN_DIRECT_OBJC_ISA_USAGE = YES_ERROR;
				CLANG_WARN_DOCUMENTATION_COMMENTS = YES;
				CLANG_WARN_EMPTY_BODY = YES;
				CLANG_WARN_ENUM_CONVERSION = YES;
				CLANG_WARN_INFINITE_RECURSION = YES;
				CLANG_WARN_INT_CONVERSION = YES;
				CLANG_WARN_NON_LITERAL_NULL_CONVERSION = YES;
				CLANG_WARN_OBJC_IMPLICIT_RETAIN_SELF = YES;
				CLANG_WARN_OBJC_LITERAL_CONVERSION = YES;
				CLANG_WARN_OBJC_ROOT_CLASS = YES_ERROR;
				CLANG_WARN_QUOTED_INCLUDE_IN_FRAMEWORK_HEADER = YES;
				CLANG_WARN_RANGE_LOOP_ANALYSIS = YES;
				CLANG_WARN_STRICT_PROTOTYPES = YES;
				CLANG_WARN_SUSPICIOUS_MOVE = YES;
				CLANG_WARN_UNGUARDED_AVAILABILITY = YES_AGGRESSIVE;
				CLANG_WARN_UNREACHABLE_CODE = YES;
				CLANG_WARN__DUPLICATE_METHOD_MATCH = YES;
				COPY_PHASE_STRIP = NO;
				DEBUG_INFORMATION_FORMAT = "dwarf-with-dsym";
				ENABLE_NS_ASSERTIONS = NO;
				ENABLE_STRICT_OBJC_MSGSEND = YES;
				GCC_C_LANGUAGE_STANDARD = gnu11;
				GCC_NO_COMMON_BLOCKS = YES;
				GCC_WARN_64_TO_32_BIT_CONVERSION = YES;
				GCC_WARN_ABOUT_RETURN_TYPE = YES_ERROR;
				GCC_WARN_UNDECLARED_SELECTOR = YES;
				GCC_WARN_UNINITIALIZED_AUTOS = YES_AGGRESSIVE;
				GCC_WARN_UNUSED_FUNCTION = YES;
				GCC_WARN_UNUSED_VARIABLE = YES;
				IPHONEOS_DEPLOYMENT_TARGET = 15.2;
				MTL_ENABLE_DEBUG_INFO = NO;
				MTL_FAST_MATH = YES;
				SDKROOT = iphoneos;
				SWIFT_COMPILATION_MODE = wholemodule;
				SWIFT_OPTIMIZATION_LEVEL = "-O";
				VALIDATE_PRODUCT = YES;
			};
			name = Release;
		};
		A3FA69E027D8E6BD007D51CC /* Debug */ = {
			isa = XCBuildConfiguration;
			baseConfigurationReference = A237A5887B1D6C865BE3F6B5 /* Pods-DDSwiftHookDemo.debug.xcconfig */;
			buildSettings = {
				ASSETCATALOG_COMPILER_APPICON_NAME = AppIcon;
				ASSETCATALOG_COMPILER_GLOBAL_ACCENT_COLOR_NAME = AccentColor;
				CODE_SIGN_STYLE = Automatic;
				CURRENT_PROJECT_VERSION = 1;
				DEVELOPMENT_TEAM = 4NJG5HB4C2;
				GENERATE_INFOPLIST_FILE = YES;
				INFOPLIST_FILE = DDSwiftHookDemo/Info.plist;
				INFOPLIST_KEY_UIApplicationSupportsIndirectInputEvents = YES;
				INFOPLIST_KEY_UILaunchStoryboardName = LaunchScreen;
				INFOPLIST_KEY_UIMainStoryboardFile = Main;
				INFOPLIST_KEY_UISupportedInterfaceOrientations_iPad = "UIInterfaceOrientationPortrait UIInterfaceOrientationPortraitUpsideDown UIInterfaceOrientationLandscapeLeft UIInterfaceOrientationLandscapeRight";
				INFOPLIST_KEY_UISupportedInterfaceOrientations_iPhone = "UIInterfaceOrientationPortrait UIInterfaceOrientationLandscapeLeft UIInterfaceOrientationLandscapeRight";
				IPHONEOS_DEPLOYMENT_TARGET = 13.0;
				LD_RUNPATH_SEARCH_PATHS = (
					"$(inherited)",
					"@executable_path/Frameworks",
				);
				MARKETING_VERSION = 1.0;
				PRODUCT_BUNDLE_IDENTIFIER = com.dd.DDSwiftHookDemo;
				PRODUCT_NAME = "$(TARGET_NAME)";
				SWIFT_EMIT_LOC_STRINGS = YES;
				SWIFT_VERSION = 5.0;
				TARGETED_DEVICE_FAMILY = "1,2";
			};
			name = Debug;
		};
		A3FA69E127D8E6BD007D51CC /* Release */ = {
			isa = XCBuildConfiguration;
			baseConfigurationReference = 32D45199D82A400A87A816C2 /* Pods-DDSwiftHookDemo.release.xcconfig */;
			buildSettings = {
				ASSETCATALOG_COMPILER_APPICON_NAME = AppIcon;
				ASSETCATALOG_COMPILER_GLOBAL_ACCENT_COLOR_NAME = AccentColor;
				CODE_SIGN_STYLE = Automatic;
				CURRENT_PROJECT_VERSION = 1;
				DEVELOPMENT_TEAM = 4NJG5HB4C2;
				GENERATE_INFOPLIST_FILE = YES;
				INFOPLIST_FILE = DDSwiftHookDemo/Info.plist;
				INFOPLIST_KEY_UIApplicationSupportsIndirectInputEvents = YES;
				INFOPLIST_KEY_UILaunchStoryboardName = LaunchScreen;
				INFOPLIST_KEY_UIMainStoryboardFile = Main;
				INFOPLIST_KEY_UISupportedInterfaceOrientations_iPad = "UIInterfaceOrientationPortrait UIInterfaceOrientationPortraitUpsideDown UIInterfaceOrientationLandscapeLeft UIInterfaceOrientationLandscapeRight";
				INFOPLIST_KEY_UISupportedInterfaceOrientations_iPhone = "UIInterfaceOrientationPortrait UIInterfaceOrientationLandscapeLeft UIInterfaceOrientationLandscapeRight";
				IPHONEOS_DEPLOYMENT_TARGET = 13.0;
				LD_RUNPATH_SEARCH_PATHS = (
					"$(inherited)",
					"@executable_path/Frameworks",
				);
				MARKETING_VERSION = 1.0;
				PRODUCT_BUNDLE_IDENTIFIER = com.dd.DDSwiftHookDemo;
				PRODUCT_NAME = "$(TARGET_NAME)";
				SWIFT_EMIT_LOC_STRINGS = YES;
				SWIFT_VERSION = 5.0;
				TARGETED_DEVICE_FAMILY = "1,2";
			};
			name = Release;
		};
/* End XCBuildConfiguration section */

/* Begin XCConfigurationList section */
		A3FA69C627D8E6BB007D51CC /* Build configuration list for PBXProject "DDSwiftHookDemo" */ = {
			isa = XCConfigurationList;
			buildConfigurations = (
				A3FA69DD27D8E6BD007D51CC /* Debug */,
				A3FA69DE27D8E6BD007D51CC /* Release */,
			);
			defaultConfigurationIsVisible = 0;
			defaultConfigurationName = Release;
		};
		A3FA69DF27D8E6BD007D51CC /* Build configuration list for PBXNativeTarget "DDSwiftHookDemo" */ = {
			isa = XCConfigurationList;
			buildConfigurations = (
				A3FA69E027D8E6BD007D51CC /* Debug */,
				A3FA69E127D8E6BD007D51CC /* Release */,
			);
			defaultConfigurationIsVisible = 0;
			defaultConfigurationName = Release;
		};
/* End XCConfigurationList section */
	};
	rootObject = A3FA69C327D8E6BB007D51CC /* Project object */;
}
